// !$*UTF8*$!
{
	archiveVersion = 1;
	classes = {
	};
	objectVersion = 56;
	objects = {

/* Begin PBXBuildFile section */
		D829AA2A2C9C1A2300E3C93D /* AppDelegate.swift in Sources */ = {isa = PBXBuildFile; fileRef = D829AA292C9C1A2300E3C93D /* AppDelegate.swift */; };
		D829AA2C2C9C1A2300E3C93D /* SceneDelegate.swift in Sources */ = {isa = PBXBuildFile; fileRef = D829AA2B2C9C1A2300E3C93D /* SceneDelegate.swift */; };
		D829AA2E2C9C1A2300E3C93D /* ViewController.swift in Sources */ = {isa = PBXBuildFile; fileRef = D829AA2D2C9C1A2300E3C93D /* ViewController.swift */; };
		D829AA312C9C1A2300E3C93D /* Main.storyboard in Resources */ = {isa = PBXBuildFile; fileRef = D829AA2F2C9C1A2300E3C93D /* Main.storyboard */; };
		D829AA332C9C1A2500E3C93D /* Assets.xcassets in Resources */ = {isa = PBXBuildFile; fileRef = D829AA322C9C1A2500E3C93D /* Assets.xcassets */; };
		D829AA362C9C1A2500E3C93D /* LaunchScreen.storyboard in Resources */ = {isa = PBXBuildFile; fileRef = D829AA342C9C1A2500E3C93D /* LaunchScreen.storyboard */; };
		D829AA3E2C9C1AB400E3C93D /* PRESET_Fujicolor_SuperHR100.cube in Resources */ = {isa = PBXBuildFile; fileRef = D829AA3D2C9C1AB400E3C93D /* PRESET_Fujicolor_SuperHR100.cube */; };
		D834E9A12C9CA64E005F11A9 /* PRESET_Kodak_FunSaver.cube in Resources */ = {isa = PBXBuildFile; fileRef = D834E99E2C9CA64E005F11A9 /* PRESET_Kodak_FunSaver.cube */; };
		D834E9A22C9CA64E005F11A9 /* PRESET_Fujifilm_QuickSnap.cube in Resources */ = {isa = PBXBuildFile; fileRef = D834E99F2C9CA64E005F11A9 /* PRESET_Fujifilm_QuickSnap.cube */; };
		D834E9A32C9CA64E005F11A9 /* PRESET_Kodak_WaterSport.cube in Resources */ = {isa = PBXBuildFile; fileRef = D834E9A02C9CA64E005F11A9 /* PRESET_Kodak_WaterSport.cube */; };
/* End PBXBuildFile section */

/* Begin PBXFileReference section */
		D829AA262C9C1A2300E3C93D /* LUTFilters.app */ = {isa = PBXFileReference; explicitFileType = wrapper.application; includeInIndex = 0; path = LUTFilters.app; sourceTree = BUILT_PRODUCTS_DIR; };
		D829AA292C9C1A2300E3C93D /* AppDelegate.swift */ = {isa = PBXFileReference; lastKnownFileType = sourcecode.swift; path = AppDelegate.swift; sourceTree = "<group>"; };
		D829AA2B2C9C1A2300E3C93D /* SceneDelegate.swift */ = {isa = PBXFileReference; lastKnownFileType = sourcecode.swift; path = SceneDelegate.swift; sourceTree = "<group>"; };
		D829AA2D2C9C1A2300E3C93D /* ViewController.swift */ = {isa = PBXFileReference; lastKnownFileType = sourcecode.swift; path = ViewController.swift; sourceTree = "<group>"; };
		D829AA302C9C1A2300E3C93D /* Base */ = {isa = PBXFileReference; lastKnownFileType = file.storyboard; name = Base; path = Base.lproj/Main.storyboard; sourceTree = "<group>"; };
		D829AA322C9C1A2500E3C93D /* Assets.xcassets */ = {isa = PBXFileReference; lastKnownFileType = folder.assetcatalog; path = Assets.xcassets; sourceTree = "<group>"; };
		D829AA352C9C1A2500E3C93D /* Base */ = {isa = PBXFileReference; lastKnownFileType = file.storyboard; name = Base; path = Base.lproj/LaunchScreen.storyboard; sourceTree = "<group>"; };
		D829AA372C9C1A2500E3C93D /* Info.plist */ = {isa = PBXFileReference; lastKnownFileType = text.plist.xml; path = Info.plist; sourceTree = "<group>"; };
		D829AA3D2C9C1AB400E3C93D /* PRESET_Fujicolor_SuperHR100.cube */ = {isa = PBXFileReference; fileEncoding = 4; lastKnownFileType = text; path = PRESET_Fujicolor_SuperHR100.cube; sourceTree = "<group>"; };
		D834E99E2C9CA64E005F11A9 /* PRESET_Kodak_FunSaver.cube */ = {isa = PBXFileReference; fileEncoding = 4; lastKnownFileType = text; path = PRESET_Kodak_FunSaver.cube; sourceTree = "<group>"; };
		D834E99F2C9CA64E005F11A9 /* PRESET_Fujifilm_QuickSnap.cube */ = {isa = PBXFileReference; fileEncoding = 4; lastKnownFileType = text; path = PRESET_Fujifilm_QuickSnap.cube; sourceTree = "<group>"; };
		D834E9A02C9CA64E005F11A9 /* PRESET_Kodak_WaterSport.cube */ = {isa = PBXFileReference; fileEncoding = 4; lastKnownFileType = text; path = PRESET_Kodak_WaterSport.cube; sourceTree = "<group>"; };
/* End PBXFileReference section */

/* Begin PBXFrameworksBuildPhase section */
		D829AA232C9C1A2300E3C93D /* Frameworks */ = {
			isa = PBXFrameworksBuildPhase;
			buildActionMask = 2147483647;
			files = (
			);
			runOnlyForDeploymentPostprocessing = 0;
		};
/* End PBXFrameworksBuildPhase section */

/* Begin PBXGroup section */
		D829AA1D2C9C1A2300E3C93D = {
			isa = PBXGroup;
			children = (
				D829AA282C9C1A2300E3C93D /* LUTFilters */,
				D829AA272C9C1A2300E3C93D /* Products */,
			);
			sourceTree = "<group>";
		};
		D829AA272C9C1A2300E3C93D /* Products */ = {
			isa = PBXGroup;
			children = (
				D829AA262C9C1A2300E3C93D /* LUTFilters.app */,
			);
			name = Products;
			sourceTree = "<group>";
		};
		D829AA282C9C1A2300E3C93D /* LUTFilters */ = {
			isa = PBXGroup;
			children = (
				D829AA422C9C1E1100E3C93D /* View */,
				D829AA412C9C1E0400E3C93D /* Controller */,
				D829AA402C9C1DF500E3C93D /* SupportingFiles */,
				D829AA3F2C9C1DE700E3C93D /* Resources */,
				D829AA372C9C1A2500E3C93D /* Info.plist */,
			);
			path = LUTFilters;
			sourceTree = "<group>";
		};
		D829AA3F2C9C1DE700E3C93D /* Resources */ = {
			isa = PBXGroup;
			children = (
				D834E99F2C9CA64E005F11A9 /* PRESET_Fujifilm_QuickSnap.cube */,
				D834E99E2C9CA64E005F11A9 /* PRESET_Kodak_FunSaver.cube */,
				D834E9A02C9CA64E005F11A9 /* PRESET_Kodak_WaterSport.cube */,
				D829AA322C9C1A2500E3C93D /* Assets.xcassets */,
				D829AA3D2C9C1AB400E3C93D /* PRESET_Fujicolor_SuperHR100.cube */,
			);
			path = Resources;
			sourceTree = "<group>";
		};
		D829AA402C9C1DF500E3C93D /* SupportingFiles */ = {
			isa = PBXGroup;
			children = (
				D829AA292C9C1A2300E3C93D /* AppDelegate.swift */,
				D829AA2B2C9C1A2300E3C93D /* SceneDelegate.swift */,
			);
			path = SupportingFiles;
			sourceTree = "<group>";
		};
		D829AA412C9C1E0400E3C93D /* Controller */ = {
			isa = PBXGroup;
			children = (
				D829AA2D2C9C1A2300E3C93D /* ViewController.swift */,
			);
			path = Controller;
			sourceTree = "<group>";
		};
		D829AA422C9C1E1100E3C93D /* View */ = {
			isa = PBXGroup;
			children = (
				D829AA2F2C9C1A2300E3C93D /* Main.storyboard */,
				D829AA342C9C1A2500E3C93D /* LaunchScreen.storyboard */,
			);
			path = View;
			sourceTree = "<group>";
		};
/* End PBXGroup section */

/* Begin PBXNativeTarget section */
		D829AA252C9C1A2300E3C93D /* LUTFilters */ = {
			isa = PBXNativeTarget;
			buildConfigurationList = D829AA3A2C9C1A2500E3C93D /* Build configuration list for PBXNativeTarget "LUTFilters" */;
			buildPhases = (
				D829AA222C9C1A2300E3C93D /* Sources */,
				D829AA232C9C1A2300E3C93D /* Frameworks */,
				D829AA242C9C1A2300E3C93D /* Resources */,
			);
			buildRules = (
			);
			dependencies = (
			);
			name = LUTFilters;
			productName = LUTFilters;
			productReference = D829AA262C9C1A2300E3C93D /* LUTFilters.app */;
			productType = "com.apple.product-type.application";
		};
/* End PBXNativeTarget section */

/* Begin PBXProject section */
		D829AA1E2C9C1A2300E3C93D /* Project object */ = {
			isa = PBXProject;
			attributes = {
				BuildIndependentTargetsInParallel = 1;
				LastSwiftUpdateCheck = 1520;
				LastUpgradeCheck = 1520;
				TargetAttributes = {
					D829AA252C9C1A2300E3C93D = {
						CreatedOnToolsVersion = 15.2;
					};
				};
			};
			buildConfigurationList = D829AA212C9C1A2300E3C93D /* Build configuration list for PBXProject "LUTFilters" */;
			compatibilityVersion = "Xcode 14.0";
			developmentRegion = en;
			hasScannedForEncodings = 0;
			knownRegions = (
				en,
				Base,
			);
			mainGroup = D829AA1D2C9C1A2300E3C93D;
			productRefGroup = D829AA272C9C1A2300E3C93D /* Products */;
			projectDirPath = "";
			projectRoot = "";
			targets = (
				D829AA252C9C1A2300E3C93D /* LUTFilters */,
			);
		};
/* End PBXProject section */

/* Begin PBXResourcesBuildPhase section */
		D829AA242C9C1A2300E3C93D /* Resources */ = {
			isa = PBXResourcesBuildPhase;
			buildActionMask = 2147483647;
			files = (
				D829AA362C9C1A2500E3C93D /* LaunchScreen.storyboard in Resources */,
				D834E9A22C9CA64E005F11A9 /* PRESET_Fujifilm_QuickSnap.cube in Resources */,
				D834E9A12C9CA64E005F11A9 /* PRESET_Kodak_FunSaver.cube in Resources */,
				D829AA332C9C1A2500E3C93D /* Assets.xcassets in Resources */,
				D829AA3E2C9C1AB400E3C93D /* PRESET_Fujicolor_SuperHR100.cube in Resources */,
				D834E9A32C9CA64E005F11A9 /* PRESET_Kodak_WaterSport.cube in Resources */,
				D829AA312C9C1A2300E3C93D /* Main.storyboard in Resources */,
			);
			runOnlyForDeploymentPostprocessing = 0;
		};
/* End PBXResourcesBuildPhase section */

/* Begin PBXSourcesBuildPhase section */
		D829AA222C9C1A2300E3C93D /* Sources */ = {
			isa = PBXSourcesBuildPhase;
			buildActionMask = 2147483647;
			files = (
				D829AA2E2C9C1A2300E3C93D /* ViewController.swift in Sources */,
				D829AA2A2C9C1A2300E3C93D /* AppDelegate.swift in Sources */,
				D829AA2C2C9C1A2300E3C93D /* SceneDelegate.swift in Sources */,
			);
			runOnlyForDeploymentPostprocessing = 0;
		};
/* End PBXSourcesBuildPhase section */

/* Begin PBXVariantGroup section */
		D829AA2F2C9C1A2300E3C93D /* Main.storyboard */ = {
			isa = PBXVariantGroup;
			children = (
				D829AA302C9C1A2300E3C93D /* Base */,
			);
			name = Main.storyboard;
			sourceTree = "<group>";
		};
		D829AA342C9C1A2500E3C93D /* LaunchScreen.storyboard */ = {
			isa = PBXVariantGroup;
			children = (
				D829AA352C9C1A2500E3C93D /* Base */,
			);
			name = LaunchScreen.storyboard;
			sourceTree = "<group>";
		};
/* End PBXVariantGroup section */

/* Begin XCBuildConfiguration section */
		D829AA382C9C1A2500E3C93D /* Debug */ = {
			isa = XCBuildConfiguration;
			buildSettings = {
				ALWAYS_SEARCH_USER_PATHS = NO;
				ASSETCATALOG_COMPILER_GENERATE_SWIFT_ASSET_SYMBOL_EXTENSIONS = YES;
				CLANG_ANALYZER_NONNULL = YES;
				CLANG_ANALYZER_NUMBER_OBJECT_CONVERSION = YES_AGGRESSIVE;
				CLANG_CXX_LANGUAGE_STANDARD = "gnu++20";
				CLANG_ENABLE_MODULES = YES;
				CLANG_ENABLE_OBJC_ARC = YES;
				CLANG_ENABLE_OBJC_WEAK = YES;
				CLANG_WARN_BLOCK_CAPTURE_AUTORELEASING = YES;
				CLANG_WARN_BOOL_CONVERSION = YES;
				CLANG_WARN_COMMA = YES;
				CLANG_WARN_CONSTANT_CONVERSION = YES;
				CLANG_WARN_DEPRECATED_OBJC_IMPLEMENTATIONS = YES;
				CLANG_WARN_DIRECT_OBJC_ISA_USAGE = YES_ERROR;
				CLANG_WARN_DOCUMENTATION_COMMENTS = YES;
				CLANG_WARN_EMPTY_BODY = YES;
				CLANG_WARN_ENUM_CONVERSION = YES;
				CLANG_WARN_INFINITE_RECURSION = YES;
				CLANG_WARN_INT_CONVERSION = YES;
				CLANG_WARN_NON_LITERAL_NULL_CONVERSION = YES;
				CLANG_WARN_OBJC_IMPLICIT_RETAIN_SELF = YES;
				CLANG_WARN_OBJC_LITERAL_CONVERSION = YES;
				CLANG_WARN_OBJC_ROOT_CLASS = YES_ERROR;
				CLANG_WARN_QUOTED_INCLUDE_IN_FRAMEWORK_HEADER = YES;
				CLANG_WARN_RANGE_LOOP_ANALYSIS = YES;
				CLANG_WARN_STRICT_PROTOTYPES = YES;
				CLANG_WARN_SUSPICIOUS_MOVE = YES;
				CLANG_WARN_UNGUARDED_AVAILABILITY = YES_AGGRESSIVE;
				CLANG_WARN_UNREACHABLE_CODE = YES;
				CLANG_WARN__DUPLICATE_METHOD_MATCH = YES;
				COPY_PHASE_STRIP = NO;
				DEBUG_INFORMATION_FORMAT = dwarf;
				ENABLE_STRICT_OBJC_MSGSEND = YES;
				ENABLE_TESTABILITY = YES;
				ENABLE_USER_SCRIPT_SANDBOXING = YES;
				GCC_C_LANGUAGE_STANDARD = gnu17;
				GCC_DYNAMIC_NO_PIC = NO;
				GCC_NO_COMMON_BLOCKS = YES;
				GCC_OPTIMIZATION_LEVEL = 0;
				GCC_PREPROCESSOR_DEFINITIONS = (
					"DEBUG=1",
					"$(inherited)",
				);
				GCC_WARN_64_TO_32_BIT_CONVERSION = YES;
				GCC_WARN_ABOUT_RETURN_TYPE = YES_ERROR;
				GCC_WARN_UNDECLARED_SELECTOR = YES;
				GCC_WARN_UNINITIALIZED_AUTOS = YES_AGGRESSIVE;
				GCC_WARN_UNUSED_FUNCTION = YES;
				GCC_WARN_UNUSED_VARIABLE = YES;
				IPHONEOS_DEPLOYMENT_TARGET = 17.2;
				LOCALIZATION_PREFERS_STRING_CATALOGS = YES;
				MTL_ENABLE_DEBUG_INFO = INCLUDE_SOURCE;
				MTL_FAST_MATH = YES;
				ONLY_ACTIVE_ARCH = YES;
				SDKROOT = iphoneos;
				SWIFT_ACTIVE_COMPILATION_CONDITIONS = "DEBUG $(inherited)";
				SWIFT_OPTIMIZATION_LEVEL = "-Onone";
			};
			name = Debug;
		};
		D829AA392C9C1A2500E3C93D /* Release */ = {
			isa = XCBuildConfiguration;
			buildSettings = {
				ALWAYS_SEARCH_USER_PATHS = NO;
				ASSETCATALOG_COMPILER_GENERATE_SWIFT_ASSET_SYMBOL_EXTENSIONS = YES;
				CLANG_ANALYZER_NONNULL = YES;
				CLANG_ANALYZER_NUMBER_OBJECT_CONVERSION = YES_AGGRESSIVE;
				CLANG_CXX_LANGUAGE_STANDARD = "gnu++20";
				CLANG_ENABLE_MODULES = YES;
				CLANG_ENABLE_OBJC_ARC = YES;
				CLANG_ENABLE_OBJC_WEAK = YES;
				CLANG_WARN_BLOCK_CAPTURE_AUTORELEASING = YES;
				CLANG_WARN_BOOL_CONVERSION = YES;
				CLANG_WARN_COMMA = YES;
				CLANG_WARN_CONSTANT_CONVERSION = YES;
				CLANG_WARN_DEPRECATED_OBJC_IMPLEMENTATIONS = YES;
				CLANG_WARN_DIRECT_OBJC_ISA_USAGE = YES_ERROR;
				CLANG_WARN_DOCUMENTATION_COMMENTS = YES;
				CLANG_WARN_EMPTY_BODY = YES;
				CLANG_WARN_ENUM_CONVERSION = YES;
				CLANG_WARN_INFINITE_RECURSION = YES;
				CLANG_WARN_INT_CONVERSION = YES;
				CLANG_WARN_NON_LITERAL_NULL_CONVERSION = YES;
				CLANG_WARN_OBJC_IMPLICIT_RETAIN_SELF = YES;
				CLANG_WARN_OBJC_LITERAL_CONVERSION = YES;
				CLANG_WARN_OBJC_ROOT_CLASS = YES_ERROR;
				CLANG_WARN_QUOTED_INCLUDE_IN_FRAMEWORK_HEADER = YES;
				CLANG_WARN_RANGE_LOOP_ANALYSIS = YES;
				CLANG_WARN_STRICT_PROTOTYPES = YES;
				CLANG_WARN_SUSPICIOUS_MOVE = YES;
				CLANG_WARN_UNGUARDED_AVAILABILITY = YES_AGGRESSIVE;
				CLANG_WARN_UNREACHABLE_CODE = YES;
				CLANG_WARN__DUPLICATE_METHOD_MATCH = YES;
				COPY_PHASE_STRIP = NO;
				DEBUG_INFORMATION_FORMAT = "dwarf-with-dsym";
				ENABLE_NS_ASSERTIONS = NO;
				ENABLE_STRICT_OBJC_MSGSEND = YES;
				ENABLE_USER_SCRIPT_SANDBOXING = YES;
				GCC_C_LANGUAGE_STANDARD = gnu17;
				GCC_NO_COMMON_BLOCKS = YES;
				GCC_WARN_64_TO_32_BIT_CONVERSION = YES;
				GCC_WARN_ABOUT_RETURN_TYPE = YES_ERROR;
				GCC_WARN_UNDECLARED_SELECTOR = YES;
				GCC_WARN_UNINITIALIZED_AUTOS = YES_AGGRESSIVE;
				GCC_WARN_UNUSED_FUNCTION = YES;
				GCC_WARN_UNUSED_VARIABLE = YES;
				IPHONEOS_DEPLOYMENT_TARGET = 17.2;
				LOCALIZATION_PREFERS_STRING_CATALOGS = YES;
				MTL_ENABLE_DEBUG_INFO = NO;
				MTL_FAST_MATH = YES;
				SDKROOT = iphoneos;
				SWIFT_COMPILATION_MODE = wholemodule;
				VALIDATE_PRODUCT = YES;
			};
			name = Release;
		};
		D829AA3B2C9C1A2500E3C93D /* Debug */ = {
			isa = XCBuildConfiguration;
			buildSettings = {
				ASSETCATALOG_COMPILER_APPICON_NAME = AppIcon;
				ASSETCATALOG_COMPILER_GLOBAL_ACCENT_COLOR_NAME = AccentColor;
				CODE_SIGN_STYLE = Automatic;
				CURRENT_PROJECT_VERSION = 1;
				DEVELOPMENT_TEAM = 9QYW2K7B2X;
				GENERATE_INFOPLIST_FILE = YES;
				INFOPLIST_FILE = LUTFilters/Info.plist;
				INFOPLIST_KEY_UIApplicationSupportsIndirectInputEvents = YES;
				INFOPLIST_KEY_UILaunchStoryboardName = LaunchScreen;
				INFOPLIST_KEY_UIMainStoryboardFile = Main;
				INFOPLIST_KEY_UISupportedInterfaceOrientations_iPad = "UIInterfaceOrientationPortrait UIInterfaceOrientationPortraitUpsideDown UIInterfaceOrientationLandscapeLeft UIInterfaceOrientationLandscapeRight";
				INFOPLIST_KEY_UISupportedInterfaceOrientations_iPhone = "UIInterfaceOrientationPortrait UIInterfaceOrientationLandscapeLeft UIInterfaceOrientationLandscapeRight";
				LD_RUNPATH_SEARCH_PATHS = (
					"$(inherited)",
					"@executable_path/Frameworks",
				);
				MARKETING_VERSION = 1.0;
				PRODUCT_BUNDLE_IDENTIFIER = com.app.lukus.LUTFilters;
				PRODUCT_NAME = "$(TARGET_NAME)";
				SWIFT_EMIT_LOC_STRINGS = YES;
				SWIFT_VERSION = 5.0;
				TARGETED_DEVICE_FAMILY = "1,2";
			};
			name = Debug;
		};
		D829AA3C2C9C1A2500E3C93D /* Release */ = {
			isa = XCBuildConfiguration;
			buildSettings = {
				ASSETCATALOG_COMPILER_APPICON_NAME = AppIcon;
				ASSETCATALOG_COMPILER_GLOBAL_ACCENT_COLOR_NAME = AccentColor;
				CODE_SIGN_STYLE = Automatic;
				CURRENT_PROJECT_VERSION = 1;
				DEVELOPMENT_TEAM = 9QYW2K7B2X;
				GENERATE_INFOPLIST_FILE = YES;
				INFOPLIST_FILE = LUTFilters/Info.plist;
				INFOPLIST_KEY_UIApplicationSupportsIndirectInputEvents = YES;
				INFOPLIST_KEY_UILaunchStoryboardName = LaunchScreen;
				INFOPLIST_KEY_UIMainStoryboardFile = Main;
				INFOPLIST_KEY_UISupportedInterfaceOrientations_iPad = "UIInterfaceOrientationPortrait UIInterfaceOrientationPortraitUpsideDown UIInterfaceOrientationLandscapeLeft UIInterfaceOrientationLandscapeRight";
				INFOPLIST_KEY_UISupportedInterfaceOrientations_iPhone = "UIInterfaceOrientationPortrait UIInterfaceOrientationLandscapeLeft UIInterfaceOrientationLandscapeRight";
				LD_RUNPATH_SEARCH_PATHS = (
					"$(inherited)",
					"@executable_path/Frameworks",
				);
				MARKETING_VERSION = 1.0;
				PRODUCT_BUNDLE_IDENTIFIER = com.app.lukus.LUTFilters;
				PRODUCT_NAME = "$(TARGET_NAME)";
				SWIFT_EMIT_LOC_STRINGS = YES;
				SWIFT_VERSION = 5.0;
				TARGETED_DEVICE_FAMILY = "1,2";
			};
			name = Release;
		};
/* End XCBuildConfiguration section */

/* Begin XCConfigurationList section */
		D829AA212C9C1A2300E3C93D /* Build configuration list for PBXProject "LUTFilters" */ = {
			isa = XCConfigurationList;
			buildConfigurations = (
				D829AA382C9C1A2500E3C93D /* Debug */,
				D829AA392C9C1A2500E3C93D /* Release */,
			);
			defaultConfigurationIsVisible = 0;
			defaultConfigurationName = Release;
		};
		D829AA3A2C9C1A2500E3C93D /* Build configuration list for PBXNativeTarget "LUTFilters" */ = {
			isa = XCConfigurationList;
			buildConfigurations = (
				D829AA3B2C9C1A2500E3C93D /* Debug */,
				D829AA3C2C9C1A2500E3C93D /* Release */,
			);
			defaultConfigurationIsVisible = 0;
			defaultConfigurationName = Release;
		};
/* End XCConfigurationList section */
	};
	rootObject = D829AA1E2C9C1A2300E3C93D /* Project object */;
}
